
Microsoft Visual Studio Solution File, Format Version 12.00
# Visual Studio Version 17
VisualStudioVersion = 17.8.34330.188
MinimumVisualStudioVersion = 10.0.40219.1
Project("{9A19103F-16F7-4668-BE54-9A1E7A4F7556}") = "WpfApp4", "WpfApp4.csproj", "{FACC1F4F-6331-4F37-8CCB-CBBD1F7C665B}"
EndProject
Global
	GlobalSection(SolutionConfigurationPlatforms) = preSolution
		Debug|Any CPU = Debug|Any CPU
		Release|Any CPU = Release|Any CPU
	EndGlobalSection
	GlobalSection(ProjectConfigurationPlatforms) = postSolution
		{FACC1F4F-6331-4F37-8CCB-CBBD1F7C665B}.Debug|Any CPU.ActiveCfg = Debug|Any CPU
		{FACC1F4F-6331-4F37-8CCB-CBBD1F7C665B}.Debug|Any CPU.Build.0 = Debug|Any CPU
		{FACC1F4F-6331-4F37-8CCB-CBBD1F7C665B}.Release|Any CPU.ActiveCfg = Release|Any CPU
		{FACC1F4F-6331-4F37-8CCB-CBBD1F7C665B}.Release|Any CPU.Build.0 = Release|Any CPU
	EndGlobalSection
	GlobalSection(SolutionProperties) = preSolution
		HideSolutionNode = FALSE
	EndGlobalSection
	GlobalSection(ExtensibilityGlobals) = postSolution
		SolutionGuid = {63E142D5-AE2D-4FFF-98F8-F039C797C2E7}
	EndGlobalSection
EndGlobal
